// !$*UTF8*$!
{
	archiveVersion = 1;
	classes = {
	};
	objectVersion = 50;
	objects = {

/* Begin PBXBuildFile section */
		5E5ADFA52458A72D00B558BF /* DeadlineRepresentation.swift in Sources */ = {isa = PBXBuildFile; fileRef = 5E5ADFA42458A72C00B558BF /* DeadlineRepresentation.swift */; };
		5E5ADFA72458ABC300B558BF /* NotificationRepresentation.swift in Sources */ = {isa = PBXBuildFile; fileRef = 5E5ADFA62458ABC200B558BF /* NotificationRepresentation.swift */; };
		5E5ADFA92458C51800B558BF /* Deadline+Convenience.swift in Sources */ = {isa = PBXBuildFile; fileRef = 5E5ADFA82458C51800B558BF /* Deadline+Convenience.swift */; };
		5E5ADFAB2458D25800B558BF /* Notification+Convenience.swift in Sources */ = {isa = PBXBuildFile; fileRef = 5E5ADFAA2458D25800B558BF /* Notification+Convenience.swift */; };
		5E5ADFAD2458F10B00B558BF /* ProfessorController.swift in Sources */ = {isa = PBXBuildFile; fileRef = 5E5ADFAC2458F10A00B558BF /* ProfessorController.swift */; };
		5E7FF5962459377200731F03 /* StudentController.swift in Sources */ = {isa = PBXBuildFile; fileRef = 5E7FF5952459377200731F03 /* StudentController.swift */; };
		5E7FF5982459384700731F03 /* DeadlineController.swift in Sources */ = {isa = PBXBuildFile; fileRef = 5E7FF5972459384700731F03 /* DeadlineController.swift */; };
		5E7FF59A245938A800731F03 /* NotificationController.swift in Sources */ = {isa = PBXBuildFile; fileRef = 5E7FF599245938A800731F03 /* NotificationController.swift */; };
		5E7FF5A3245A87E300731F03 /* AuthenticationController.swift in Sources */ = {isa = PBXBuildFile; fileRef = 5E7FF5A2245A87E300731F03 /* AuthenticationController.swift */; };
		5E7FF5A5245A98D200731F03 /* UserCredentials.swift in Sources */ = {isa = PBXBuildFile; fileRef = 5E7FF5A4245A98D200731F03 /* UserCredentials.swift */; };
		B501B42825B7C8B066957961 /* Pods_BetterProfessorApp_BetterProfessorAppUITests.framework in Frameworks */ = {isa = PBXBuildFile; fileRef = E55A5048C2DCE2A0F6D4A4C6 /* Pods_BetterProfessorApp_BetterProfessorAppUITests.framework */; };
		DE7E4E2FC3E8874804A18A6F /* Pods_BetterProfessorAppTests.framework in Frameworks */ = {isa = PBXBuildFile; fileRef = F5AE48BFB44DB87F21DC3BA1 /* Pods_BetterProfessorAppTests.framework */; };
		E3C76E7E2457D35D00CF3944 /* LogInSignUpViewController.swift in Sources */ = {isa = PBXBuildFile; fileRef = E3C76E7D2457D35D00CF3944 /* LogInSignUpViewController.swift */; };
		E3C76E83245883F100CF3944 /* CoreDataStack.swift in Sources */ = {isa = PBXBuildFile; fileRef = E3C76E82245883F100CF3944 /* CoreDataStack.swift */; };
		E3C76E852458843300CF3944 /* Professor+Convenience.swift in Sources */ = {isa = PBXBuildFile; fileRef = E3C76E842458843300CF3944 /* Professor+Convenience.swift */; };
		E3C76E872458846300CF3944 /* ProfessorRepresentation.swift in Sources */ = {isa = PBXBuildFile; fileRef = E3C76E862458846300CF3944 /* ProfessorRepresentation.swift */; };
		E3C76E892458849400CF3944 /* Student+Convenience.swift in Sources */ = {isa = PBXBuildFile; fileRef = E3C76E882458849400CF3944 /* Student+Convenience.swift */; };
		E3C76E8B245884C300CF3944 /* StudentRepresentation.swift in Sources */ = {isa = PBXBuildFile; fileRef = E3C76E8A245884C300CF3944 /* StudentRepresentation.swift */; };
		E3C76E8F245A5F9000CF3944 /* AddReminderViewController.swift in Sources */ = {isa = PBXBuildFile; fileRef = E3C76E8E245A5F8F00CF3944 /* AddReminderViewController.swift */; };
		E3C76E98245A617000CF3944 /* MyRemindersNavigationController.swift in Sources */ = {isa = PBXBuildFile; fileRef = E3C76E97245A617000CF3944 /* MyRemindersNavigationController.swift */; };
		E3C76E9A245A61D900CF3944 /* MyStudentsNavigationController.swift in Sources */ = {isa = PBXBuildFile; fileRef = E3C76E99245A61D900CF3944 /* MyStudentsNavigationController.swift */; };
		E3C76E9C245A620700CF3944 /* MyProjectsNavigationController.swift in Sources */ = {isa = PBXBuildFile; fileRef = E3C76E9B245A620700CF3944 /* MyProjectsNavigationController.swift */; };
		E3C76E9E245A623B00CF3944 /* LogInSignUpNavigationController.swift in Sources */ = {isa = PBXBuildFile; fileRef = E3C76E9D245A623B00CF3944 /* LogInSignUpNavigationController.swift */; };
		E3C76EA0245A62D800CF3944 /* MainAppTabBarController.swift in Sources */ = {isa = PBXBuildFile; fileRef = E3C76E9F245A62D800CF3944 /* MainAppTabBarController.swift */; };
		E3C76EA2245A659400CF3944 /* AllRemindersTableViewCell.swift in Sources */ = {isa = PBXBuildFile; fileRef = E3C76EA1245A659400CF3944 /* AllRemindersTableViewCell.swift */; };
		E3C76EA8245A7BD400CF3944 /* AddStudentViewController.swift in Sources */ = {isa = PBXBuildFile; fileRef = E3C76EA7245A7BD400CF3944 /* AddStudentViewController.swift */; };
		E3C76EAA245A7C4800CF3944 /* AddProjectViewController.swift in Sources */ = {isa = PBXBuildFile; fileRef = E3C76EA9245A7C4800CF3944 /* AddProjectViewController.swift */; };
		E3C76EAC245A7C8B00CF3944 /* ProjectDetailViewController.swift in Sources */ = {isa = PBXBuildFile; fileRef = E3C76EAB245A7C8B00CF3944 /* ProjectDetailViewController.swift */; };
		E3C76EB2245AB5C900CF3944 /* RemindersTableViewController.swift in Sources */ = {isa = PBXBuildFile; fileRef = E3C76EB1245AB5C900CF3944 /* RemindersTableViewController.swift */; };
		E3C76EB6245ABA5000CF3944 /* StudentsTableViewController.swift in Sources */ = {isa = PBXBuildFile; fileRef = E3C76EB5245ABA5000CF3944 /* StudentsTableViewController.swift */; };
		E3C76EB8245ABA6B00CF3944 /* StudentsTableViewCell.swift in Sources */ = {isa = PBXBuildFile; fileRef = E3C76EB7245ABA6B00CF3944 /* StudentsTableViewCell.swift */; };
		E3C76EBB245ABB4500CF3944 /* ProjectsTableViewController.swift in Sources */ = {isa = PBXBuildFile; fileRef = E3C76EBA245ABB4500CF3944 /* ProjectsTableViewController.swift */; };
		E3C76EBD245ABB6200CF3944 /* ProjectsTableViewCell.swift in Sources */ = {isa = PBXBuildFile; fileRef = E3C76EBC245ABB6200CF3944 /* ProjectsTableViewCell.swift */; };
		E3C76EC4245AC83400CF3944 /* StudentDetailsProjectTableViewCell.swift in Sources */ = {isa = PBXBuildFile; fileRef = E3C76EC3245AC83400CF3944 /* StudentDetailsProjectTableViewCell.swift */; };
		E3C76EC6245AC91B00CF3944 /* StudentsDetailsProjectsTableViewController.swift in Sources */ = {isa = PBXBuildFile; fileRef = E3C76EC5245AC91B00CF3944 /* StudentsDetailsProjectsTableViewController.swift */; };
		E3C76ED1245B099000CF3944 /* StudentRemindersTableViewCell.swift in Sources */ = {isa = PBXBuildFile; fileRef = E3C76ED0245B099000CF3944 /* StudentRemindersTableViewCell.swift */; };
		E3C76ED4245B0A1F00CF3944 /* StudentRemindersTableViewController.swift in Sources */ = {isa = PBXBuildFile; fileRef = E3C76ED3245B0A1F00CF3944 /* StudentRemindersTableViewController.swift */; };
		E3E9AC8E2457A3CA004EDC9C /* AppDelegate.swift in Sources */ = {isa = PBXBuildFile; fileRef = E3E9AC8D2457A3CA004EDC9C /* AppDelegate.swift */; };
		E3E9AC902457A3CA004EDC9C /* SceneDelegate.swift in Sources */ = {isa = PBXBuildFile; fileRef = E3E9AC8F2457A3CA004EDC9C /* SceneDelegate.swift */; };
		E3E9AC952457A3CA004EDC9C /* Main.storyboard in Resources */ = {isa = PBXBuildFile; fileRef = E3E9AC932457A3CA004EDC9C /* Main.storyboard */; };
		E3E9AC982457A3CA004EDC9C /* BetterProfessorApp.xcdatamodeld in Sources */ = {isa = PBXBuildFile; fileRef = E3E9AC962457A3CA004EDC9C /* BetterProfessorApp.xcdatamodeld */; };
		E3E9AC9A2457A3D0004EDC9C /* Assets.xcassets in Resources */ = {isa = PBXBuildFile; fileRef = E3E9AC992457A3D0004EDC9C /* Assets.xcassets */; };
		E3E9AC9D2457A3D0004EDC9C /* LaunchScreen.storyboard in Resources */ = {isa = PBXBuildFile; fileRef = E3E9AC9B2457A3D0004EDC9C /* LaunchScreen.storyboard */; };
		E3E9ACA82457A3D1004EDC9C /* BetterProfessorAppTests.swift in Sources */ = {isa = PBXBuildFile; fileRef = E3E9ACA72457A3D1004EDC9C /* BetterProfessorAppTests.swift */; };
		E3E9ACB32457A3D1004EDC9C /* BetterProfessorAppUITests.swift in Sources */ = {isa = PBXBuildFile; fileRef = E3E9ACB22457A3D1004EDC9C /* BetterProfessorAppUITests.swift */; };
		F85BF701BAEF30082F8E8C25 /* Pods_BetterProfessorApp.framework in Frameworks */ = {isa = PBXBuildFile; fileRef = 295B6A2A6CB77715DD15B4B7 /* Pods_BetterProfessorApp.framework */; };
/* End PBXBuildFile section */

/* Begin PBXContainerItemProxy section */
		E3E9ACA42457A3D1004EDC9C /* PBXContainerItemProxy */ = {
			isa = PBXContainerItemProxy;
			containerPortal = E3E9AC822457A3C9004EDC9C /* Project object */;
			proxyType = 1;
			remoteGlobalIDString = E3E9AC892457A3C9004EDC9C;
			remoteInfo = BetterProfessorApp;
		};
		E3E9ACAF2457A3D1004EDC9C /* PBXContainerItemProxy */ = {
			isa = PBXContainerItemProxy;
			containerPortal = E3E9AC822457A3C9004EDC9C /* Project object */;
			proxyType = 1;
			remoteGlobalIDString = E3E9AC892457A3C9004EDC9C;
			remoteInfo = BetterProfessorApp;
		};
/* End PBXContainerItemProxy section */

/* Begin PBXFileReference section */
		0B538CFEC37422F2A80D3FFF /* Pods-BetterProfessorApp.release.xcconfig */ = {isa = PBXFileReference; includeInIndex = 1; lastKnownFileType = text.xcconfig; name = "Pods-BetterProfessorApp.release.xcconfig"; path = "Target Support Files/Pods-BetterProfessorApp/Pods-BetterProfessorApp.release.xcconfig"; sourceTree = "<group>"; };
		295B6A2A6CB77715DD15B4B7 /* Pods_BetterProfessorApp.framework */ = {isa = PBXFileReference; explicitFileType = wrapper.framework; includeInIndex = 0; path = Pods_BetterProfessorApp.framework; sourceTree = BUILT_PRODUCTS_DIR; };
		5048925605DCC761DFCDE632 /* Pods-BetterProfessorApp-BetterProfessorAppUITests.release.xcconfig */ = {isa = PBXFileReference; includeInIndex = 1; lastKnownFileType = text.xcconfig; name = "Pods-BetterProfessorApp-BetterProfessorAppUITests.release.xcconfig"; path = "Target Support Files/Pods-BetterProfessorApp-BetterProfessorAppUITests/Pods-BetterProfessorApp-BetterProfessorAppUITests.release.xcconfig"; sourceTree = "<group>"; };
		5830AB622C5587C065359DE1 /* Pods-BetterProfessorAppTests.release.xcconfig */ = {isa = PBXFileReference; includeInIndex = 1; lastKnownFileType = text.xcconfig; name = "Pods-BetterProfessorAppTests.release.xcconfig"; path = "Target Support Files/Pods-BetterProfessorAppTests/Pods-BetterProfessorAppTests.release.xcconfig"; sourceTree = "<group>"; };
		5E5ADFA42458A72C00B558BF /* DeadlineRepresentation.swift */ = {isa = PBXFileReference; lastKnownFileType = sourcecode.swift; path = DeadlineRepresentation.swift; sourceTree = "<group>"; };
		5E5ADFA62458ABC200B558BF /* NotificationRepresentation.swift */ = {isa = PBXFileReference; lastKnownFileType = sourcecode.swift; path = NotificationRepresentation.swift; sourceTree = "<group>"; };
		5E5ADFA82458C51800B558BF /* Deadline+Convenience.swift */ = {isa = PBXFileReference; lastKnownFileType = sourcecode.swift; path = "Deadline+Convenience.swift"; sourceTree = "<group>"; };
		5E5ADFAA2458D25800B558BF /* Notification+Convenience.swift */ = {isa = PBXFileReference; lastKnownFileType = sourcecode.swift; path = "Notification+Convenience.swift"; sourceTree = "<group>"; };
		5E5ADFAC2458F10A00B558BF /* ProfessorController.swift */ = {isa = PBXFileReference; lastKnownFileType = sourcecode.swift; path = ProfessorController.swift; sourceTree = "<group>"; };
		5E7FF5952459377200731F03 /* StudentController.swift */ = {isa = PBXFileReference; lastKnownFileType = sourcecode.swift; path = StudentController.swift; sourceTree = "<group>"; };
		5E7FF5972459384700731F03 /* DeadlineController.swift */ = {isa = PBXFileReference; lastKnownFileType = sourcecode.swift; path = DeadlineController.swift; sourceTree = "<group>"; };
		5E7FF599245938A800731F03 /* NotificationController.swift */ = {isa = PBXFileReference; lastKnownFileType = sourcecode.swift; path = NotificationController.swift; sourceTree = "<group>"; };
		5E7FF5A2245A87E300731F03 /* AuthenticationController.swift */ = {isa = PBXFileReference; lastKnownFileType = sourcecode.swift; path = AuthenticationController.swift; sourceTree = "<group>"; };
		5E7FF5A4245A98D200731F03 /* UserCredentials.swift */ = {isa = PBXFileReference; lastKnownFileType = sourcecode.swift; path = UserCredentials.swift; sourceTree = "<group>"; };
		C3BEC36396EB9226D1606040 /* Pods-BetterProfessorApp-BetterProfessorAppUITests.debug.xcconfig */ = {isa = PBXFileReference; includeInIndex = 1; lastKnownFileType = text.xcconfig; name = "Pods-BetterProfessorApp-BetterProfessorAppUITests.debug.xcconfig"; path = "Target Support Files/Pods-BetterProfessorApp-BetterProfessorAppUITests/Pods-BetterProfessorApp-BetterProfessorAppUITests.debug.xcconfig"; sourceTree = "<group>"; };
		CB917A45DEDCF4AA677308C4 /* Pods-BetterProfessorAppTests.debug.xcconfig */ = {isa = PBXFileReference; includeInIndex = 1; lastKnownFileType = text.xcconfig; name = "Pods-BetterProfessorAppTests.debug.xcconfig"; path = "Target Support Files/Pods-BetterProfessorAppTests/Pods-BetterProfessorAppTests.debug.xcconfig"; sourceTree = "<group>"; };
		E3C76E7D2457D35D00CF3944 /* LogInSignUpViewController.swift */ = {isa = PBXFileReference; lastKnownFileType = sourcecode.swift; path = LogInSignUpViewController.swift; sourceTree = "<group>"; };
		E3C76E82245883F100CF3944 /* CoreDataStack.swift */ = {isa = PBXFileReference; lastKnownFileType = sourcecode.swift; path = CoreDataStack.swift; sourceTree = "<group>"; };
		E3C76E842458843300CF3944 /* Professor+Convenience.swift */ = {isa = PBXFileReference; lastKnownFileType = sourcecode.swift; path = "Professor+Convenience.swift"; sourceTree = "<group>"; };
		E3C76E862458846300CF3944 /* ProfessorRepresentation.swift */ = {isa = PBXFileReference; lastKnownFileType = sourcecode.swift; path = ProfessorRepresentation.swift; sourceTree = "<group>"; };
		E3C76E882458849400CF3944 /* Student+Convenience.swift */ = {isa = PBXFileReference; lastKnownFileType = sourcecode.swift; path = "Student+Convenience.swift"; sourceTree = "<group>"; };
		E3C76E8A245884C300CF3944 /* StudentRepresentation.swift */ = {isa = PBXFileReference; lastKnownFileType = sourcecode.swift; path = StudentRepresentation.swift; sourceTree = "<group>"; };
		E3C76E8E245A5F8F00CF3944 /* AddReminderViewController.swift */ = {isa = PBXFileReference; lastKnownFileType = sourcecode.swift; path = AddReminderViewController.swift; sourceTree = "<group>"; };
		E3C76E97245A617000CF3944 /* MyRemindersNavigationController.swift */ = {isa = PBXFileReference; lastKnownFileType = sourcecode.swift; path = MyRemindersNavigationController.swift; sourceTree = "<group>"; };
		E3C76E99245A61D900CF3944 /* MyStudentsNavigationController.swift */ = {isa = PBXFileReference; lastKnownFileType = sourcecode.swift; path = MyStudentsNavigationController.swift; sourceTree = "<group>"; };
		E3C76E9B245A620700CF3944 /* MyProjectsNavigationController.swift */ = {isa = PBXFileReference; lastKnownFileType = sourcecode.swift; path = MyProjectsNavigationController.swift; sourceTree = "<group>"; };
		E3C76E9D245A623B00CF3944 /* LogInSignUpNavigationController.swift */ = {isa = PBXFileReference; lastKnownFileType = sourcecode.swift; path = LogInSignUpNavigationController.swift; sourceTree = "<group>"; };
		E3C76E9F245A62D800CF3944 /* MainAppTabBarController.swift */ = {isa = PBXFileReference; lastKnownFileType = sourcecode.swift; path = MainAppTabBarController.swift; sourceTree = "<group>"; };
		E3C76EA1245A659400CF3944 /* AllRemindersTableViewCell.swift */ = {isa = PBXFileReference; lastKnownFileType = sourcecode.swift; path = AllRemindersTableViewCell.swift; sourceTree = "<group>"; };
		E3C76EA7245A7BD400CF3944 /* AddStudentViewController.swift */ = {isa = PBXFileReference; lastKnownFileType = sourcecode.swift; path = AddStudentViewController.swift; sourceTree = "<group>"; };
		E3C76EA9245A7C4800CF3944 /* AddProjectViewController.swift */ = {isa = PBXFileReference; lastKnownFileType = sourcecode.swift; path = AddProjectViewController.swift; sourceTree = "<group>"; };
		E3C76EAB245A7C8B00CF3944 /* ProjectDetailViewController.swift */ = {isa = PBXFileReference; lastKnownFileType = sourcecode.swift; path = ProjectDetailViewController.swift; sourceTree = "<group>"; };
		E3C76EB1245AB5C900CF3944 /* RemindersTableViewController.swift */ = {isa = PBXFileReference; lastKnownFileType = sourcecode.swift; path = RemindersTableViewController.swift; sourceTree = "<group>"; };
		E3C76EB5245ABA5000CF3944 /* StudentsTableViewController.swift */ = {isa = PBXFileReference; lastKnownFileType = sourcecode.swift; path = StudentsTableViewController.swift; sourceTree = "<group>"; };
		E3C76EB7245ABA6B00CF3944 /* StudentsTableViewCell.swift */ = {isa = PBXFileReference; lastKnownFileType = sourcecode.swift; path = StudentsTableViewCell.swift; sourceTree = "<group>"; };
		E3C76EBA245ABB4500CF3944 /* ProjectsTableViewController.swift */ = {isa = PBXFileReference; lastKnownFileType = sourcecode.swift; path = ProjectsTableViewController.swift; sourceTree = "<group>"; };
		E3C76EBC245ABB6200CF3944 /* ProjectsTableViewCell.swift */ = {isa = PBXFileReference; lastKnownFileType = sourcecode.swift; path = ProjectsTableViewCell.swift; sourceTree = "<group>"; };
		E3C76EC3245AC83400CF3944 /* StudentDetailsProjectTableViewCell.swift */ = {isa = PBXFileReference; lastKnownFileType = sourcecode.swift; path = StudentDetailsProjectTableViewCell.swift; sourceTree = "<group>"; };
		E3C76EC5245AC91B00CF3944 /* StudentsDetailsProjectsTableViewController.swift */ = {isa = PBXFileReference; lastKnownFileType = sourcecode.swift; path = StudentsDetailsProjectsTableViewController.swift; sourceTree = "<group>"; };
		E3C76ED0245B099000CF3944 /* StudentRemindersTableViewCell.swift */ = {isa = PBXFileReference; lastKnownFileType = sourcecode.swift; path = StudentRemindersTableViewCell.swift; sourceTree = "<group>"; };
		E3C76ED3245B0A1F00CF3944 /* StudentRemindersTableViewController.swift */ = {isa = PBXFileReference; lastKnownFileType = sourcecode.swift; path = StudentRemindersTableViewController.swift; sourceTree = "<group>"; };
		E3E9AC8A2457A3CA004EDC9C /* BetterProfessorApp.app */ = {isa = PBXFileReference; explicitFileType = wrapper.application; includeInIndex = 0; path = BetterProfessorApp.app; sourceTree = BUILT_PRODUCTS_DIR; };
		E3E9AC8D2457A3CA004EDC9C /* AppDelegate.swift */ = {isa = PBXFileReference; lastKnownFileType = sourcecode.swift; path = AppDelegate.swift; sourceTree = "<group>"; };
		E3E9AC8F2457A3CA004EDC9C /* SceneDelegate.swift */ = {isa = PBXFileReference; lastKnownFileType = sourcecode.swift; path = SceneDelegate.swift; sourceTree = "<group>"; };
		E3E9AC942457A3CA004EDC9C /* Base */ = {isa = PBXFileReference; lastKnownFileType = file.storyboard; name = Base; path = Base.lproj/Main.storyboard; sourceTree = "<group>"; };
		E3E9AC972457A3CA004EDC9C /* BetterProfessorApp.xcdatamodel */ = {isa = PBXFileReference; lastKnownFileType = wrapper.xcdatamodel; path = BetterProfessorApp.xcdatamodel; sourceTree = "<group>"; };
		E3E9AC992457A3D0004EDC9C /* Assets.xcassets */ = {isa = PBXFileReference; lastKnownFileType = folder.assetcatalog; path = Assets.xcassets; sourceTree = "<group>"; };
		E3E9AC9C2457A3D0004EDC9C /* Base */ = {isa = PBXFileReference; lastKnownFileType = file.storyboard; name = Base; path = Base.lproj/LaunchScreen.storyboard; sourceTree = "<group>"; };
		E3E9AC9E2457A3D0004EDC9C /* Info.plist */ = {isa = PBXFileReference; lastKnownFileType = text.plist.xml; path = Info.plist; sourceTree = "<group>"; };
		E3E9ACA32457A3D1004EDC9C /* BetterProfessorAppTests.xctest */ = {isa = PBXFileReference; explicitFileType = wrapper.cfbundle; includeInIndex = 0; path = BetterProfessorAppTests.xctest; sourceTree = BUILT_PRODUCTS_DIR; };
		E3E9ACA72457A3D1004EDC9C /* BetterProfessorAppTests.swift */ = {isa = PBXFileReference; lastKnownFileType = sourcecode.swift; path = BetterProfessorAppTests.swift; sourceTree = "<group>"; };
		E3E9ACA92457A3D1004EDC9C /* Info.plist */ = {isa = PBXFileReference; lastKnownFileType = text.plist.xml; path = Info.plist; sourceTree = "<group>"; };
		E3E9ACAE2457A3D1004EDC9C /* BetterProfessorAppUITests.xctest */ = {isa = PBXFileReference; explicitFileType = wrapper.cfbundle; includeInIndex = 0; path = BetterProfessorAppUITests.xctest; sourceTree = BUILT_PRODUCTS_DIR; };
		E3E9ACB22457A3D1004EDC9C /* BetterProfessorAppUITests.swift */ = {isa = PBXFileReference; lastKnownFileType = sourcecode.swift; path = BetterProfessorAppUITests.swift; sourceTree = "<group>"; };
		E3E9ACB42457A3D1004EDC9C /* Info.plist */ = {isa = PBXFileReference; lastKnownFileType = text.plist.xml; path = Info.plist; sourceTree = "<group>"; };
		E55A5048C2DCE2A0F6D4A4C6 /* Pods_BetterProfessorApp_BetterProfessorAppUITests.framework */ = {isa = PBXFileReference; explicitFileType = wrapper.framework; includeInIndex = 0; path = Pods_BetterProfessorApp_BetterProfessorAppUITests.framework; sourceTree = BUILT_PRODUCTS_DIR; };
		E6172520AE2BA29FBC92DFD3 /* Pods-BetterProfessorApp.debug.xcconfig */ = {isa = PBXFileReference; includeInIndex = 1; lastKnownFileType = text.xcconfig; name = "Pods-BetterProfessorApp.debug.xcconfig"; path = "Target Support Files/Pods-BetterProfessorApp/Pods-BetterProfessorApp.debug.xcconfig"; sourceTree = "<group>"; };
		F5AE48BFB44DB87F21DC3BA1 /* Pods_BetterProfessorAppTests.framework */ = {isa = PBXFileReference; explicitFileType = wrapper.framework; includeInIndex = 0; path = Pods_BetterProfessorAppTests.framework; sourceTree = BUILT_PRODUCTS_DIR; };
/* End PBXFileReference section */

/* Begin PBXFrameworksBuildPhase section */
		E3E9AC872457A3C9004EDC9C /* Frameworks */ = {
			isa = PBXFrameworksBuildPhase;
			buildActionMask = 2147483647;
			files = (
				F85BF701BAEF30082F8E8C25 /* Pods_BetterProfessorApp.framework in Frameworks */,
			);
			runOnlyForDeploymentPostprocessing = 0;
		};
		E3E9ACA02457A3D1004EDC9C /* Frameworks */ = {
			isa = PBXFrameworksBuildPhase;
			buildActionMask = 2147483647;
			files = (
				DE7E4E2FC3E8874804A18A6F /* Pods_BetterProfessorAppTests.framework in Frameworks */,
			);
			runOnlyForDeploymentPostprocessing = 0;
		};
		E3E9ACAB2457A3D1004EDC9C /* Frameworks */ = {
			isa = PBXFrameworksBuildPhase;
			buildActionMask = 2147483647;
			files = (
				B501B42825B7C8B066957961 /* Pods_BetterProfessorApp_BetterProfessorAppUITests.framework in Frameworks */,
			);
			runOnlyForDeploymentPostprocessing = 0;
		};
/* End PBXFrameworksBuildPhase section */

/* Begin PBXGroup section */
		362E66DB47DD2A8FDC600D7E /* Frameworks */ = {
			isa = PBXGroup;
			children = (
				295B6A2A6CB77715DD15B4B7 /* Pods_BetterProfessorApp.framework */,
				E55A5048C2DCE2A0F6D4A4C6 /* Pods_BetterProfessorApp_BetterProfessorAppUITests.framework */,
				F5AE48BFB44DB87F21DC3BA1 /* Pods_BetterProfessorAppTests.framework */,
			);
			name = Frameworks;
			sourceTree = "<group>";
		};
		5279C9E827CAC1187583E582 /* Pods */ = {
			isa = PBXGroup;
			children = (
				E6172520AE2BA29FBC92DFD3 /* Pods-BetterProfessorApp.debug.xcconfig */,
				0B538CFEC37422F2A80D3FFF /* Pods-BetterProfessorApp.release.xcconfig */,
				C3BEC36396EB9226D1606040 /* Pods-BetterProfessorApp-BetterProfessorAppUITests.debug.xcconfig */,
				5048925605DCC761DFCDE632 /* Pods-BetterProfessorApp-BetterProfessorAppUITests.release.xcconfig */,
				CB917A45DEDCF4AA677308C4 /* Pods-BetterProfessorAppTests.debug.xcconfig */,
				5830AB622C5587C065359DE1 /* Pods-BetterProfessorAppTests.release.xcconfig */,
			);
			path = Pods;
			sourceTree = "<group>";
		};
		5E7FF59B24593DC700731F03 /* Representations */ = {
			isa = PBXGroup;
			children = (
				E3C76E862458846300CF3944 /* ProfessorRepresentation.swift */,
				E3C76E8A245884C300CF3944 /* StudentRepresentation.swift */,
				5E5ADFA42458A72C00B558BF /* DeadlineRepresentation.swift */,
				5E5ADFA62458ABC200B558BF /* NotificationRepresentation.swift */,
			);
			path = Representations;
			sourceTree = "<group>";
		};
		5E7FF59C24593DFD00731F03 /* Model Controllers */ = {
			isa = PBXGroup;
			children = (
				5E5ADFAC2458F10A00B558BF /* ProfessorController.swift */,
				5E7FF5952459377200731F03 /* StudentController.swift */,
				5E7FF5972459384700731F03 /* DeadlineController.swift */,
				5E7FF599245938A800731F03 /* NotificationController.swift */,
			);
			path = "Model Controllers";
			sourceTree = "<group>";
		};
		5E7FF59D24593E1200731F03 /* Convenience */ = {
			isa = PBXGroup;
			children = (
				E3C76E842458843300CF3944 /* Professor+Convenience.swift */,
				E3C76E882458849400CF3944 /* Student+Convenience.swift */,
				5E5ADFA82458C51800B558BF /* Deadline+Convenience.swift */,
				5E5ADFAA2458D25800B558BF /* Notification+Convenience.swift */,
			);
			path = Convenience;
			sourceTree = "<group>";
		};
		5E7FF59E24593E3C00731F03 /* Core Data */ = {
			isa = PBXGroup;
			children = (
				E3E9AC962457A3CA004EDC9C /* BetterProfessorApp.xcdatamodeld */,
				E3C76E82245883F100CF3944 /* CoreDataStack.swift */,
			);
			path = "Core Data";
			sourceTree = "<group>";
		};
		5E7FF59F24593E5C00731F03 /* Model */ = {
			isa = PBXGroup;
			children = (
				5E7FF59B24593DC700731F03 /* Representations */,
				5E7FF59D24593E1200731F03 /* Convenience */,
				5E7FF59E24593E3C00731F03 /* Core Data */,
				5E7FF5A4245A98D200731F03 /* UserCredentials.swift */,
			);
			path = Model;
			sourceTree = "<group>";
		};
		5E7FF5A0245A878A00731F03 /* Services */ = {
			isa = PBXGroup;
			children = (
				5E7FF5A1245A879D00731F03 /* Neworking */,
			);
			path = Services;
			sourceTree = "<group>";
		};
		5E7FF5A1245A879D00731F03 /* Neworking */ = {
			isa = PBXGroup;
			children = (
				5E7FF5A2245A87E300731F03 /* AuthenticationController.swift */,
			);
			path = Neworking;
			sourceTree = "<group>";
		};
		E3C76E7F2457D41600CF3944 /* ViewControllers */ = {
			isa = PBXGroup;
			children = (
				E3C76ECC245AEF1700CF3944 /* Log In Sign Up */,
				E3C76EAD245AAD6500CF3944 /* Main Tabs */,
			);
			path = ViewControllers;
			sourceTree = "<group>";
		};
		E3C76E96245A612700CF3944 /* NavigationControllers */ = {
			isa = PBXGroup;
			children = (
				E3C76EBE245ABBEF00CF3944 /* Main Tabs */,
				E3C76EBF245ABC1000CF3944 /* LogIn */,
			);
			path = NavigationControllers;
			sourceTree = "<group>";
		};
		E3C76EAD245AAD6500CF3944 /* Main Tabs */ = {
			isa = PBXGroup;
			children = (
				E3C76EB0245AAE2300CF3944 /* Projects */,
				E3C76EAE245AADD400CF3944 /* Reminders */,
				E3C76EAF245AAE0200CF3944 /* Students */,
			);
			path = "Main Tabs";
			sourceTree = "<group>";
		};
		E3C76EAE245AADD400CF3944 /* Reminders */ = {
			isa = PBXGroup;
			children = (
				E3C76E8E245A5F8F00CF3944 /* AddReminderViewController.swift */,
				E3C76ED2245B09BE00CF3944 /* Student Reminders TableView */,
				E3C76EB3245AB5E900CF3944 /* All Reminders TableView */,
			);
			path = Reminders;
			sourceTree = "<group>";
		};
		E3C76EAF245AAE0200CF3944 /* Students */ = {
			isa = PBXGroup;
			children = (
				E3C76EC7245AD48F00CF3944 /* Student Details TableView */,
				E3C76EB4245ABA3200CF3944 /* Students TableView */,
				E3C76EA7245A7BD400CF3944 /* AddStudentViewController.swift */,
			);
			path = Students;
			sourceTree = "<group>";
		};
		E3C76EB0245AAE2300CF3944 /* Projects */ = {
			isa = PBXGroup;
			children = (
				E3C76EB9245ABADA00CF3944 /* Projects TableView */,
				E3C76EA9245A7C4800CF3944 /* AddProjectViewController.swift */,
				E3C76EAB245A7C8B00CF3944 /* ProjectDetailViewController.swift */,
			);
			name = Projects;
			path = Students;
			sourceTree = "<group>";
		};
		E3C76EB3245AB5E900CF3944 /* All Reminders TableView */ = {
			isa = PBXGroup;
			children = (
				E3C76EB1245AB5C900CF3944 /* RemindersTableViewController.swift */,
				E3C76EA1245A659400CF3944 /* AllRemindersTableViewCell.swift */,
			);
			path = "All Reminders TableView";
			sourceTree = "<group>";
		};
		E3C76EB4245ABA3200CF3944 /* Students TableView */ = {
			isa = PBXGroup;
			children = (
				E3C76EB5245ABA5000CF3944 /* StudentsTableViewController.swift */,
				E3C76EB7245ABA6B00CF3944 /* StudentsTableViewCell.swift */,
			);
			path = "Students TableView";
			sourceTree = "<group>";
		};
		E3C76EB9245ABADA00CF3944 /* Projects TableView */ = {
			isa = PBXGroup;
			children = (
				E3C76EBA245ABB4500CF3944 /* ProjectsTableViewController.swift */,
				E3C76EBC245ABB6200CF3944 /* ProjectsTableViewCell.swift */,
			);
			path = "Projects TableView";
			sourceTree = "<group>";
		};
		E3C76EBE245ABBEF00CF3944 /* Main Tabs */ = {
			isa = PBXGroup;
			children = (
				E3C76E9F245A62D800CF3944 /* MainAppTabBarController.swift */,
				E3C76E97245A617000CF3944 /* MyRemindersNavigationController.swift */,
				E3C76E99245A61D900CF3944 /* MyStudentsNavigationController.swift */,
				E3C76E9B245A620700CF3944 /* MyProjectsNavigationController.swift */,
			);
			path = "Main Tabs";
			sourceTree = "<group>";
		};
		E3C76EBF245ABC1000CF3944 /* LogIn */ = {
			isa = PBXGroup;
			children = (
				E3C76E9D245A623B00CF3944 /* LogInSignUpNavigationController.swift */,
			);
			path = LogIn;
			sourceTree = "<group>";
		};
		E3C76EC7245AD48F00CF3944 /* Student Details TableView */ = {
			isa = PBXGroup;
			children = (
				E3C76EC5245AC91B00CF3944 /* StudentsDetailsProjectsTableViewController.swift */,
				E3C76EC3245AC83400CF3944 /* StudentDetailsProjectTableViewCell.swift */,
			);
			path = "Student Details TableView";
			sourceTree = "<group>";
		};
		E3C76ECC245AEF1700CF3944 /* Log In Sign Up */ = {
			isa = PBXGroup;
			children = (
				E3C76E7D2457D35D00CF3944 /* LogInSignUpViewController.swift */,
			);
			path = "Log In Sign Up";
			sourceTree = "<group>";
		};
		E3C76ED2245B09BE00CF3944 /* Student Reminders TableView */ = {
			isa = PBXGroup;
			children = (
				E3C76ED0245B099000CF3944 /* StudentRemindersTableViewCell.swift */,
				E3C76ED3245B0A1F00CF3944 /* StudentRemindersTableViewController.swift */,
			);
			path = "Student Reminders TableView";
			sourceTree = "<group>";
		};
		E3E9AC812457A3C9004EDC9C = {
			isa = PBXGroup;
			children = (
				E3E9AC8C2457A3CA004EDC9C /* BetterProfessorApp */,
				E3E9ACA62457A3D1004EDC9C /* BetterProfessorAppTests */,
				E3E9ACB12457A3D1004EDC9C /* BetterProfessorAppUITests */,
				E3E9AC8B2457A3CA004EDC9C /* Products */,
				5279C9E827CAC1187583E582 /* Pods */,
				362E66DB47DD2A8FDC600D7E /* Frameworks */,
			);
			sourceTree = "<group>";
		};
		E3E9AC8B2457A3CA004EDC9C /* Products */ = {
			isa = PBXGroup;
			children = (
				E3E9AC8A2457A3CA004EDC9C /* BetterProfessorApp.app */,
				E3E9ACA32457A3D1004EDC9C /* BetterProfessorAppTests.xctest */,
				E3E9ACAE2457A3D1004EDC9C /* BetterProfessorAppUITests.xctest */,
			);
			name = Products;
			sourceTree = "<group>";
		};
		E3E9AC8C2457A3CA004EDC9C /* BetterProfessorApp */ = {
			isa = PBXGroup;
			children = (
				5E7FF5A0245A878A00731F03 /* Services */,
				E3C76E96245A612700CF3944 /* NavigationControllers */,
				E3C76E7F2457D41600CF3944 /* ViewControllers */,
				E3E9AC8D2457A3CA004EDC9C /* AppDelegate.swift */,
				E3E9AC8F2457A3CA004EDC9C /* SceneDelegate.swift */,
				E3E9AC932457A3CA004EDC9C /* Main.storyboard */,
				E3E9AC992457A3D0004EDC9C /* Assets.xcassets */,
				E3E9AC9B2457A3D0004EDC9C /* LaunchScreen.storyboard */,
				E3E9AC9E2457A3D0004EDC9C /* Info.plist */,
				5E7FF59F24593E5C00731F03 /* Model */,
				5E7FF59C24593DFD00731F03 /* Model Controllers */,
			);
			path = BetterProfessorApp;
			sourceTree = "<group>";
		};
		E3E9ACA62457A3D1004EDC9C /* BetterProfessorAppTests */ = {
			isa = PBXGroup;
			children = (
				E3E9ACA72457A3D1004EDC9C /* BetterProfessorAppTests.swift */,
				E3E9ACA92457A3D1004EDC9C /* Info.plist */,
			);
			path = BetterProfessorAppTests;
			sourceTree = "<group>";
		};
		E3E9ACB12457A3D1004EDC9C /* BetterProfessorAppUITests */ = {
			isa = PBXGroup;
			children = (
				E3E9ACB22457A3D1004EDC9C /* BetterProfessorAppUITests.swift */,
				E3E9ACB42457A3D1004EDC9C /* Info.plist */,
			);
			path = BetterProfessorAppUITests;
			sourceTree = "<group>";
		};
/* End PBXGroup section */

/* Begin PBXNativeTarget section */
		E3E9AC892457A3C9004EDC9C /* BetterProfessorApp */ = {
			isa = PBXNativeTarget;
			buildConfigurationList = E3E9ACB72457A3D1004EDC9C /* Build configuration list for PBXNativeTarget "BetterProfessorApp" */;
			buildPhases = (
				A2A2ED02D88877B3B4FBBC61 /* [CP] Check Pods Manifest.lock */,
				E3E9AC862457A3C9004EDC9C /* Sources */,
				E3E9AC872457A3C9004EDC9C /* Frameworks */,
				E3E9AC882457A3C9004EDC9C /* Resources */,
				E3C76E7B2457B6C700CF3944 /* ShellScript */,
			);
			buildRules = (
			);
			dependencies = (
			);
			name = BetterProfessorApp;
			productName = BetterProfessorApp;
			productReference = E3E9AC8A2457A3CA004EDC9C /* BetterProfessorApp.app */;
			productType = "com.apple.product-type.application";
		};
		E3E9ACA22457A3D1004EDC9C /* BetterProfessorAppTests */ = {
			isa = PBXNativeTarget;
			buildConfigurationList = E3E9ACBA2457A3D1004EDC9C /* Build configuration list for PBXNativeTarget "BetterProfessorAppTests" */;
			buildPhases = (
				36504435131055F2C070714A /* [CP] Check Pods Manifest.lock */,
				E3E9AC9F2457A3D1004EDC9C /* Sources */,
				E3E9ACA02457A3D1004EDC9C /* Frameworks */,
				E3E9ACA12457A3D1004EDC9C /* Resources */,
			);
			buildRules = (
			);
			dependencies = (
				E3E9ACA52457A3D1004EDC9C /* PBXTargetDependency */,
			);
			name = BetterProfessorAppTests;
			productName = BetterProfessorAppTests;
			productReference = E3E9ACA32457A3D1004EDC9C /* BetterProfessorAppTests.xctest */;
			productType = "com.apple.product-type.bundle.unit-test";
		};
		E3E9ACAD2457A3D1004EDC9C /* BetterProfessorAppUITests */ = {
			isa = PBXNativeTarget;
			buildConfigurationList = E3E9ACBD2457A3D1004EDC9C /* Build configuration list for PBXNativeTarget "BetterProfessorAppUITests" */;
			buildPhases = (
				A8A26777CCD172BFA133ADBF /* [CP] Check Pods Manifest.lock */,
				E3E9ACAA2457A3D1004EDC9C /* Sources */,
				E3E9ACAB2457A3D1004EDC9C /* Frameworks */,
				E3E9ACAC2457A3D1004EDC9C /* Resources */,
			);
			buildRules = (
			);
			dependencies = (
				E3E9ACB02457A3D1004EDC9C /* PBXTargetDependency */,
			);
			name = BetterProfessorAppUITests;
			productName = BetterProfessorAppUITests;
			productReference = E3E9ACAE2457A3D1004EDC9C /* BetterProfessorAppUITests.xctest */;
			productType = "com.apple.product-type.bundle.ui-testing";
		};
/* End PBXNativeTarget section */

/* Begin PBXProject section */
		E3E9AC822457A3C9004EDC9C /* Project object */ = {
			isa = PBXProject;
			attributes = {
				LastSwiftUpdateCheck = 1140;
				LastUpgradeCheck = 1140;
				ORGANIZATIONNAME = Lambda;
				TargetAttributes = {
					E3E9AC892457A3C9004EDC9C = {
						CreatedOnToolsVersion = 11.4.1;
					};
					E3E9ACA22457A3D1004EDC9C = {
						CreatedOnToolsVersion = 11.4.1;
						TestTargetID = E3E9AC892457A3C9004EDC9C;
					};
					E3E9ACAD2457A3D1004EDC9C = {
						CreatedOnToolsVersion = 11.4.1;
						TestTargetID = E3E9AC892457A3C9004EDC9C;
					};
				};
			};
			buildConfigurationList = E3E9AC852457A3C9004EDC9C /* Build configuration list for PBXProject "BetterProfessorApp" */;
			compatibilityVersion = "Xcode 9.3";
			developmentRegion = en;
			hasScannedForEncodings = 0;
			knownRegions = (
				en,
				Base,
			);
			mainGroup = E3E9AC812457A3C9004EDC9C;
			productRefGroup = E3E9AC8B2457A3CA004EDC9C /* Products */;
			projectDirPath = "";
			projectRoot = "";
			targets = (
				E3E9AC892457A3C9004EDC9C /* BetterProfessorApp */,
				E3E9ACA22457A3D1004EDC9C /* BetterProfessorAppTests */,
				E3E9ACAD2457A3D1004EDC9C /* BetterProfessorAppUITests */,
			);
		};
/* End PBXProject section */

/* Begin PBXResourcesBuildPhase section */
		E3E9AC882457A3C9004EDC9C /* Resources */ = {
			isa = PBXResourcesBuildPhase;
			buildActionMask = 2147483647;
			files = (
				E3E9AC9D2457A3D0004EDC9C /* LaunchScreen.storyboard in Resources */,
				E3E9AC9A2457A3D0004EDC9C /* Assets.xcassets in Resources */,
				E3E9AC952457A3CA004EDC9C /* Main.storyboard in Resources */,
			);
			runOnlyForDeploymentPostprocessing = 0;
		};
		E3E9ACA12457A3D1004EDC9C /* Resources */ = {
			isa = PBXResourcesBuildPhase;
			buildActionMask = 2147483647;
			files = (
			);
			runOnlyForDeploymentPostprocessing = 0;
		};
		E3E9ACAC2457A3D1004EDC9C /* Resources */ = {
			isa = PBXResourcesBuildPhase;
			buildActionMask = 2147483647;
			files = (
			);
			runOnlyForDeploymentPostprocessing = 0;
		};
/* End PBXResourcesBuildPhase section */

/* Begin PBXShellScriptBuildPhase section */
		36504435131055F2C070714A /* [CP] Check Pods Manifest.lock */ = {
			isa = PBXShellScriptBuildPhase;
			buildActionMask = 2147483647;
			files = (
			);
			inputFileListPaths = (
			);
			inputPaths = (
				"${PODS_PODFILE_DIR_PATH}/Podfile.lock",
				"${PODS_ROOT}/Manifest.lock",
			);
			name = "[CP] Check Pods Manifest.lock";
			outputFileListPaths = (
			);
			outputPaths = (
				"$(DERIVED_FILE_DIR)/Pods-BetterProfessorAppTests-checkManifestLockResult.txt",
			);
			runOnlyForDeploymentPostprocessing = 0;
			shellPath = /bin/sh;
			shellScript = "diff \"${PODS_PODFILE_DIR_PATH}/Podfile.lock\" \"${PODS_ROOT}/Manifest.lock\" > /dev/null\nif [ $? != 0 ] ; then\n    # print error to STDERR\n    echo \"error: The sandbox is not in sync with the Podfile.lock. Run 'pod install' or update your CocoaPods installation.\" >&2\n    exit 1\nfi\n# This output is used by Xcode 'outputs' to avoid re-running this script phase.\necho \"SUCCESS\" > \"${SCRIPT_OUTPUT_FILE_0}\"\n";
			showEnvVarsInLog = 0;
		};
		A2A2ED02D88877B3B4FBBC61 /* [CP] Check Pods Manifest.lock */ = {
			isa = PBXShellScriptBuildPhase;
			buildActionMask = 2147483647;
			files = (
			);
			inputFileListPaths = (
			);
			inputPaths = (
				"${PODS_PODFILE_DIR_PATH}/Podfile.lock",
				"${PODS_ROOT}/Manifest.lock",
			);
			name = "[CP] Check Pods Manifest.lock";
			outputFileListPaths = (
			);
			outputPaths = (
				"$(DERIVED_FILE_DIR)/Pods-BetterProfessorApp-checkManifestLockResult.txt",
			);
			runOnlyForDeploymentPostprocessing = 0;
			shellPath = /bin/sh;
			shellScript = "diff \"${PODS_PODFILE_DIR_PATH}/Podfile.lock\" \"${PODS_ROOT}/Manifest.lock\" > /dev/null\nif [ $? != 0 ] ; then\n    # print error to STDERR\n    echo \"error: The sandbox is not in sync with the Podfile.lock. Run 'pod install' or update your CocoaPods installation.\" >&2\n    exit 1\nfi\n# This output is used by Xcode 'outputs' to avoid re-running this script phase.\necho \"SUCCESS\" > \"${SCRIPT_OUTPUT_FILE_0}\"\n";
			showEnvVarsInLog = 0;
		};
		A8A26777CCD172BFA133ADBF /* [CP] Check Pods Manifest.lock */ = {
			isa = PBXShellScriptBuildPhase;
			buildActionMask = 2147483647;
			files = (
			);
			inputFileListPaths = (
			);
			inputPaths = (
				"${PODS_PODFILE_DIR_PATH}/Podfile.lock",
				"${PODS_ROOT}/Manifest.lock",
			);
			name = "[CP] Check Pods Manifest.lock";
			outputFileListPaths = (
			);
			outputPaths = (
				"$(DERIVED_FILE_DIR)/Pods-BetterProfessorApp-BetterProfessorAppUITests-checkManifestLockResult.txt",
			);
			runOnlyForDeploymentPostprocessing = 0;
			shellPath = /bin/sh;
			shellScript = "diff \"${PODS_PODFILE_DIR_PATH}/Podfile.lock\" \"${PODS_ROOT}/Manifest.lock\" > /dev/null\nif [ $? != 0 ] ; then\n    # print error to STDERR\n    echo \"error: The sandbox is not in sync with the Podfile.lock. Run 'pod install' or update your CocoaPods installation.\" >&2\n    exit 1\nfi\n# This output is used by Xcode 'outputs' to avoid re-running this script phase.\necho \"SUCCESS\" > \"${SCRIPT_OUTPUT_FILE_0}\"\n";
			showEnvVarsInLog = 0;
		};
		E3C76E7B2457B6C700CF3944 /* ShellScript */ = {
			isa = PBXShellScriptBuildPhase;
			buildActionMask = 2147483647;
			files = (
			);
			inputFileListPaths = (
			);
			inputPaths = (
			);
			outputFileListPaths = (
			);
			outputPaths = (
			);
			runOnlyForDeploymentPostprocessing = 0;
			shellPath = /bin/sh;
			shellScript = "# Type a script or drag a script file from your workspace to insert its path.\n\nif which swiftlint >/dev/null; then\n  swiftlint\nelse\n  echo \"warning: SwiftLint not installed, download from https://github.com/realm/SwiftLint\"\nfi\n";
		};
/* End PBXShellScriptBuildPhase section */

/* Begin PBXSourcesBuildPhase section */
		E3E9AC862457A3C9004EDC9C /* Sources */ = {
			isa = PBXSourcesBuildPhase;
			buildActionMask = 2147483647;
			files = (
				E3C76EAC245A7C8B00CF3944 /* ProjectDetailViewController.swift in Sources */,
				E3C76E8F245A5F9000CF3944 /* AddReminderViewController.swift in Sources */,
				E3C76E83245883F100CF3944 /* CoreDataStack.swift in Sources */,
				E3C76E852458843300CF3944 /* Professor+Convenience.swift in Sources */,
				5E7FF5A3245A87E300731F03 /* AuthenticationController.swift in Sources */,
				E3C76ED1245B099000CF3944 /* StudentRemindersTableViewCell.swift in Sources */,
				5E5ADFA72458ABC300B558BF /* NotificationRepresentation.swift in Sources */,
				E3C76E9E245A623B00CF3944 /* LogInSignUpNavigationController.swift in Sources */,
				E3C76E892458849400CF3944 /* Student+Convenience.swift in Sources */,
				5E5ADFA92458C51800B558BF /* Deadline+Convenience.swift in Sources */,
				5E7FF59A245938A800731F03 /* NotificationController.swift in Sources */,
				5E5ADFA52458A72D00B558BF /* DeadlineRepresentation.swift in Sources */,
				E3E9AC982457A3CA004EDC9C /* BetterProfessorApp.xcdatamodeld in Sources */,
				E3C76E872458846300CF3944 /* ProfessorRepresentation.swift in Sources */,
				E3C76EB6245ABA5000CF3944 /* StudentsTableViewController.swift in Sources */,
				E3C76EB8245ABA6B00CF3944 /* StudentsTableViewCell.swift in Sources */,
				E3C76EA8245A7BD400CF3944 /* AddStudentViewController.swift in Sources */,
				5E7FF5982459384700731F03 /* DeadlineController.swift in Sources */,
				E3C76E8B245884C300CF3944 /* StudentRepresentation.swift in Sources */,
				E3C76EBD245ABB6200CF3944 /* ProjectsTableViewCell.swift in Sources */,
				E3C76EC6245AC91B00CF3944 /* StudentsDetailsProjectsTableViewController.swift in Sources */,
				E3C76EB2245AB5C900CF3944 /* RemindersTableViewController.swift in Sources */,
				E3E9AC8E2457A3CA004EDC9C /* AppDelegate.swift in Sources */,
				5E7FF5A5245A98D200731F03 /* UserCredentials.swift in Sources */,
				E3C76EA2245A659400CF3944 /* AllRemindersTableViewCell.swift in Sources */,
				5E5ADFAD2458F10B00B558BF /* ProfessorController.swift in Sources */,
				5E5ADFAB2458D25800B558BF /* Notification+Convenience.swift in Sources */,
				5E7FF5962459377200731F03 /* StudentController.swift in Sources */,
				E3C76EBB245ABB4500CF3944 /* ProjectsTableViewController.swift in Sources */,
				E3C76E7E2457D35D00CF3944 /* LogInSignUpViewController.swift in Sources */,
				E3C76EC4245AC83400CF3944 /* StudentDetailsProjectTableViewCell.swift in Sources */,
				E3C76ED4245B0A1F00CF3944 /* StudentRemindersTableViewController.swift in Sources */,
				E3C76EAA245A7C4800CF3944 /* AddProjectViewController.swift in Sources */,
				E3C76E9A245A61D900CF3944 /* MyStudentsNavigationController.swift in Sources */,
				E3C76EA0245A62D800CF3944 /* MainAppTabBarController.swift in Sources */,
				E3C76E98245A617000CF3944 /* MyRemindersNavigationController.swift in Sources */,
				E3C76E9C245A620700CF3944 /* MyProjectsNavigationController.swift in Sources */,
				E3E9AC902457A3CA004EDC9C /* SceneDelegate.swift in Sources */,
			);
			runOnlyForDeploymentPostprocessing = 0;
		};
		E3E9AC9F2457A3D1004EDC9C /* Sources */ = {
			isa = PBXSourcesBuildPhase;
			buildActionMask = 2147483647;
			files = (
				E3E9ACA82457A3D1004EDC9C /* BetterProfessorAppTests.swift in Sources */,
			);
			runOnlyForDeploymentPostprocessing = 0;
		};
		E3E9ACAA2457A3D1004EDC9C /* Sources */ = {
			isa = PBXSourcesBuildPhase;
			buildActionMask = 2147483647;
			files = (
				E3E9ACB32457A3D1004EDC9C /* BetterProfessorAppUITests.swift in Sources */,
			);
			runOnlyForDeploymentPostprocessing = 0;
		};
/* End PBXSourcesBuildPhase section */

/* Begin PBXTargetDependency section */
		E3E9ACA52457A3D1004EDC9C /* PBXTargetDependency */ = {
			isa = PBXTargetDependency;
			target = E3E9AC892457A3C9004EDC9C /* BetterProfessorApp */;
			targetProxy = E3E9ACA42457A3D1004EDC9C /* PBXContainerItemProxy */;
		};
		E3E9ACB02457A3D1004EDC9C /* PBXTargetDependency */ = {
			isa = PBXTargetDependency;
			target = E3E9AC892457A3C9004EDC9C /* BetterProfessorApp */;
			targetProxy = E3E9ACAF2457A3D1004EDC9C /* PBXContainerItemProxy */;
		};
/* End PBXTargetDependency section */

/* Begin PBXVariantGroup section */
		E3E9AC932457A3CA004EDC9C /* Main.storyboard */ = {
			isa = PBXVariantGroup;
			children = (
				E3E9AC942457A3CA004EDC9C /* Base */,
			);
			name = Main.storyboard;
			sourceTree = "<group>";
		};
		E3E9AC9B2457A3D0004EDC9C /* LaunchScreen.storyboard */ = {
			isa = PBXVariantGroup;
			children = (
				E3E9AC9C2457A3D0004EDC9C /* Base */,
			);
			name = LaunchScreen.storyboard;
			sourceTree = "<group>";
		};
/* End PBXVariantGroup section */

/* Begin XCBuildConfiguration section */
		E3E9ACB52457A3D1004EDC9C /* Debug */ = {
			isa = XCBuildConfiguration;
			buildSettings = {
				ALWAYS_SEARCH_USER_PATHS = NO;
				CLANG_ANALYZER_NONNULL = YES;
				CLANG_ANALYZER_NUMBER_OBJECT_CONVERSION = YES_AGGRESSIVE;
				CLANG_CXX_LANGUAGE_STANDARD = "gnu++14";
				CLANG_CXX_LIBRARY = "libc++";
				CLANG_ENABLE_MODULES = YES;
				CLANG_ENABLE_OBJC_ARC = YES;
				CLANG_ENABLE_OBJC_WEAK = YES;
				CLANG_WARN_BLOCK_CAPTURE_AUTORELEASING = YES;
				CLANG_WARN_BOOL_CONVERSION = YES;
				CLANG_WARN_COMMA = YES;
				CLANG_WARN_CONSTANT_CONVERSION = YES;
				CLANG_WARN_DEPRECATED_OBJC_IMPLEMENTATIONS = YES;
				CLANG_WARN_DIRECT_OBJC_ISA_USAGE = YES_ERROR;
				CLANG_WARN_DOCUMENTATION_COMMENTS = YES;
				CLANG_WARN_EMPTY_BODY = YES;
				CLANG_WARN_ENUM_CONVERSION = YES;
				CLANG_WARN_INFINITE_RECURSION = YES;
				CLANG_WARN_INT_CONVERSION = YES;
				CLANG_WARN_NON_LITERAL_NULL_CONVERSION = YES;
				CLANG_WARN_OBJC_IMPLICIT_RETAIN_SELF = YES;
				CLANG_WARN_OBJC_LITERAL_CONVERSION = YES;
				CLANG_WARN_OBJC_ROOT_CLASS = YES_ERROR;
				CLANG_WARN_RANGE_LOOP_ANALYSIS = YES;
				CLANG_WARN_STRICT_PROTOTYPES = YES;
				CLANG_WARN_SUSPICIOUS_MOVE = YES;
				CLANG_WARN_UNGUARDED_AVAILABILITY = YES_AGGRESSIVE;
				CLANG_WARN_UNREACHABLE_CODE = YES;
				CLANG_WARN__DUPLICATE_METHOD_MATCH = YES;
				COPY_PHASE_STRIP = NO;
				DEBUG_INFORMATION_FORMAT = dwarf;
				ENABLE_STRICT_OBJC_MSGSEND = YES;
				ENABLE_TESTABILITY = YES;
				GCC_C_LANGUAGE_STANDARD = gnu11;
				GCC_DYNAMIC_NO_PIC = NO;
				GCC_NO_COMMON_BLOCKS = YES;
				GCC_OPTIMIZATION_LEVEL = 0;
				GCC_PREPROCESSOR_DEFINITIONS = (
					"DEBUG=1",
					"$(inherited)",
				);
				GCC_WARN_64_TO_32_BIT_CONVERSION = YES;
				GCC_WARN_ABOUT_RETURN_TYPE = YES_ERROR;
				GCC_WARN_UNDECLARED_SELECTOR = YES;
				GCC_WARN_UNINITIALIZED_AUTOS = YES_AGGRESSIVE;
				GCC_WARN_UNUSED_FUNCTION = YES;
				GCC_WARN_UNUSED_VARIABLE = YES;
				IPHONEOS_DEPLOYMENT_TARGET = 13.4;
				MTL_ENABLE_DEBUG_INFO = INCLUDE_SOURCE;
				MTL_FAST_MATH = YES;
				ONLY_ACTIVE_ARCH = YES;
				SDKROOT = iphoneos;
				SWIFT_ACTIVE_COMPILATION_CONDITIONS = DEBUG;
				SWIFT_OPTIMIZATION_LEVEL = "-Onone";
			};
			name = Debug;
		};
		E3E9ACB62457A3D1004EDC9C /* Release */ = {
			isa = XCBuildConfiguration;
			buildSettings = {
				ALWAYS_SEARCH_USER_PATHS = NO;
				CLANG_ANALYZER_NONNULL = YES;
				CLANG_ANALYZER_NUMBER_OBJECT_CONVERSION = YES_AGGRESSIVE;
				CLANG_CXX_LANGUAGE_STANDARD = "gnu++14";
				CLANG_CXX_LIBRARY = "libc++";
				CLANG_ENABLE_MODULES = YES;
				CLANG_ENABLE_OBJC_ARC = YES;
				CLANG_ENABLE_OBJC_WEAK = YES;
				CLANG_WARN_BLOCK_CAPTURE_AUTORELEASING = YES;
				CLANG_WARN_BOOL_CONVERSION = YES;
				CLANG_WARN_COMMA = YES;
				CLANG_WARN_CONSTANT_CONVERSION = YES;
				CLANG_WARN_DEPRECATED_OBJC_IMPLEMENTATIONS = YES;
				CLANG_WARN_DIRECT_OBJC_ISA_USAGE = YES_ERROR;
				CLANG_WARN_DOCUMENTATION_COMMENTS = YES;
				CLANG_WARN_EMPTY_BODY = YES;
				CLANG_WARN_ENUM_CONVERSION = YES;
				CLANG_WARN_INFINITE_RECURSION = YES;
				CLANG_WARN_INT_CONVERSION = YES;
				CLANG_WARN_NON_LITERAL_NULL_CONVERSION = YES;
				CLANG_WARN_OBJC_IMPLICIT_RETAIN_SELF = YES;
				CLANG_WARN_OBJC_LITERAL_CONVERSION = YES;
				CLANG_WARN_OBJC_ROOT_CLASS = YES_ERROR;
				CLANG_WARN_RANGE_LOOP_ANALYSIS = YES;
				CLANG_WARN_STRICT_PROTOTYPES = YES;
				CLANG_WARN_SUSPICIOUS_MOVE = YES;
				CLANG_WARN_UNGUARDED_AVAILABILITY = YES_AGGRESSIVE;
				CLANG_WARN_UNREACHABLE_CODE = YES;
				CLANG_WARN__DUPLICATE_METHOD_MATCH = YES;
				COPY_PHASE_STRIP = NO;
				DEBUG_INFORMATION_FORMAT = "dwarf-with-dsym";
				ENABLE_NS_ASSERTIONS = NO;
				ENABLE_STRICT_OBJC_MSGSEND = YES;
				GCC_C_LANGUAGE_STANDARD = gnu11;
				GCC_NO_COMMON_BLOCKS = YES;
				GCC_WARN_64_TO_32_BIT_CONVERSION = YES;
				GCC_WARN_ABOUT_RETURN_TYPE = YES_ERROR;
				GCC_WARN_UNDECLARED_SELECTOR = YES;
				GCC_WARN_UNINITIALIZED_AUTOS = YES_AGGRESSIVE;
				GCC_WARN_UNUSED_FUNCTION = YES;
				GCC_WARN_UNUSED_VARIABLE = YES;
				IPHONEOS_DEPLOYMENT_TARGET = 13.4;
				MTL_ENABLE_DEBUG_INFO = NO;
				MTL_FAST_MATH = YES;
				SDKROOT = iphoneos;
				SWIFT_COMPILATION_MODE = wholemodule;
				SWIFT_OPTIMIZATION_LEVEL = "-O";
				VALIDATE_PRODUCT = YES;
			};
			name = Release;
		};
		E3E9ACB82457A3D1004EDC9C /* Debug */ = {
			isa = XCBuildConfiguration;
			baseConfigurationReference = E6172520AE2BA29FBC92DFD3 /* Pods-BetterProfessorApp.debug.xcconfig */;
			buildSettings = {
				ASSETCATALOG_COMPILER_APPICON_NAME = AppIcon;
				CODE_SIGN_STYLE = Automatic;
				DEVELOPMENT_TEAM = S8ATLNTRP8;
				INFOPLIST_FILE = BetterProfessorApp/Info.plist;
				LD_RUNPATH_SEARCH_PATHS = (
					"$(inherited)",
					"@executable_path/Frameworks",
				);
				PRODUCT_BUNDLE_IDENTIFIER = Knopptimism.BetterProfessorApp;
				PRODUCT_NAME = "$(TARGET_NAME)";
				SWIFT_VERSION = 5.0;
				TARGETED_DEVICE_FAMILY = "1,2";
			};
			name = Debug;
		};
		E3E9ACB92457A3D1004EDC9C /* Release */ = {
			isa = XCBuildConfiguration;
			baseConfigurationReference = 0B538CFEC37422F2A80D3FFF /* Pods-BetterProfessorApp.release.xcconfig */;
			buildSettings = {
				ASSETCATALOG_COMPILER_APPICON_NAME = AppIcon;
				CODE_SIGN_STYLE = Automatic;
				DEVELOPMENT_TEAM = S8ATLNTRP8;
				INFOPLIST_FILE = BetterProfessorApp/Info.plist;
				LD_RUNPATH_SEARCH_PATHS = (
					"$(inherited)",
					"@executable_path/Frameworks",
				);
				PRODUCT_BUNDLE_IDENTIFIER = Knopptimism.BetterProfessorApp;
				PRODUCT_NAME = "$(TARGET_NAME)";
				SWIFT_VERSION = 5.0;
				TARGETED_DEVICE_FAMILY = "1,2";
			};
			name = Release;
		};
		E3E9ACBB2457A3D1004EDC9C /* Debug */ = {
			isa = XCBuildConfiguration;
			baseConfigurationReference = CB917A45DEDCF4AA677308C4 /* Pods-BetterProfessorAppTests.debug.xcconfig */;
			buildSettings = {
				ALWAYS_EMBED_SWIFT_STANDARD_LIBRARIES = YES;
				BUNDLE_LOADER = "$(TEST_HOST)";
				CODE_SIGN_STYLE = Automatic;
				DEVELOPMENT_TEAM = S8ATLNTRP8;
				INFOPLIST_FILE = BetterProfessorAppTests/Info.plist;
				IPHONEOS_DEPLOYMENT_TARGET = 13.4;
				LD_RUNPATH_SEARCH_PATHS = (
					"$(inherited)",
					"@executable_path/Frameworks",
					"@loader_path/Frameworks",
				);
				PRODUCT_BUNDLE_IDENTIFIER = Knopptimism.BetterProfessorAppTests;
				PRODUCT_NAME = "$(TARGET_NAME)";
				SWIFT_VERSION = 5.0;
				TARGETED_DEVICE_FAMILY = "1,2";
				TEST_HOST = "$(BUILT_PRODUCTS_DIR)/BetterProfessorApp.app/BetterProfessorApp";
			};
			name = Debug;
		};
		E3E9ACBC2457A3D1004EDC9C /* Release */ = {
			isa = XCBuildConfiguration;
			baseConfigurationReference = 5830AB622C5587C065359DE1 /* Pods-BetterProfessorAppTests.release.xcconfig */;
			buildSettings = {
				ALWAYS_EMBED_SWIFT_STANDARD_LIBRARIES = YES;
				BUNDLE_LOADER = "$(TEST_HOST)";
				CODE_SIGN_STYLE = Automatic;
				DEVELOPMENT_TEAM = S8ATLNTRP8;
				INFOPLIST_FILE = BetterProfessorAppTests/Info.plist;
				IPHONEOS_DEPLOYMENT_TARGET = 13.4;
				LD_RUNPATH_SEARCH_PATHS = (
					"$(inherited)",
					"@executable_path/Frameworks",
					"@loader_path/Frameworks",
				);
				PRODUCT_BUNDLE_IDENTIFIER = Knopptimism.BetterProfessorAppTests;
				PRODUCT_NAME = "$(TARGET_NAME)";
				SWIFT_VERSION = 5.0;
				TARGETED_DEVICE_FAMILY = "1,2";
				TEST_HOST = "$(BUILT_PRODUCTS_DIR)/BetterProfessorApp.app/BetterProfessorApp";
			};
			name = Release;
		};
		E3E9ACBE2457A3D1004EDC9C /* Debug */ = {
			isa = XCBuildConfiguration;
			baseConfigurationReference = C3BEC36396EB9226D1606040 /* Pods-BetterProfessorApp-BetterProfessorAppUITests.debug.xcconfig */;
			buildSettings = {
				ALWAYS_EMBED_SWIFT_STANDARD_LIBRARIES = YES;
				CODE_SIGN_STYLE = Automatic;
				DEVELOPMENT_TEAM = S8ATLNTRP8;
				INFOPLIST_FILE = BetterProfessorAppUITests/Info.plist;
				LD_RUNPATH_SEARCH_PATHS = (
					"$(inherited)",
					"@executable_path/Frameworks",
					"@loader_path/Frameworks",
				);
				PRODUCT_BUNDLE_IDENTIFIER = Knopptimism.BetterProfessorAppUITests;
				PRODUCT_NAME = "$(TARGET_NAME)";
				SWIFT_VERSION = 5.0;
				TARGETED_DEVICE_FAMILY = "1,2";
				TEST_TARGET_NAME = BetterProfessorApp;
			};
			name = Debug;
		};
		E3E9ACBF2457A3D1004EDC9C /* Release */ = {
			isa = XCBuildConfiguration;
			baseConfigurationReference = 5048925605DCC761DFCDE632 /* Pods-BetterProfessorApp-BetterProfessorAppUITests.release.xcconfig */;
			buildSettings = {
				ALWAYS_EMBED_SWIFT_STANDARD_LIBRARIES = YES;
				CODE_SIGN_STYLE = Automatic;
				DEVELOPMENT_TEAM = S8ATLNTRP8;
				INFOPLIST_FILE = BetterProfessorAppUITests/Info.plist;
				LD_RUNPATH_SEARCH_PATHS = (
					"$(inherited)",
					"@executable_path/Frameworks",
					"@loader_path/Frameworks",
				);
				PRODUCT_BUNDLE_IDENTIFIER = Knopptimism.BetterProfessorAppUITests;
				PRODUCT_NAME = "$(TARGET_NAME)";
				SWIFT_VERSION = 5.0;
				TARGETED_DEVICE_FAMILY = "1,2";
				TEST_TARGET_NAME = BetterProfessorApp;
			};
			name = Release;
		};
/* End XCBuildConfiguration section */

/* Begin XCConfigurationList section */
		E3E9AC852457A3C9004EDC9C /* Build configuration list for PBXProject "BetterProfessorApp" */ = {
			isa = XCConfigurationList;
			buildConfigurations = (
				E3E9ACB52457A3D1004EDC9C /* Debug */,
				E3E9ACB62457A3D1004EDC9C /* Release */,
			);
			defaultConfigurationIsVisible = 0;
			defaultConfigurationName = Release;
		};
		E3E9ACB72457A3D1004EDC9C /* Build configuration list for PBXNativeTarget "BetterProfessorApp" */ = {
			isa = XCConfigurationList;
			buildConfigurations = (
				E3E9ACB82457A3D1004EDC9C /* Debug */,
				E3E9ACB92457A3D1004EDC9C /* Release */,
			);
			defaultConfigurationIsVisible = 0;
			defaultConfigurationName = Release;
		};
		E3E9ACBA2457A3D1004EDC9C /* Build configuration list for PBXNativeTarget "BetterProfessorAppTests" */ = {
			isa = XCConfigurationList;
			buildConfigurations = (
				E3E9ACBB2457A3D1004EDC9C /* Debug */,
				E3E9ACBC2457A3D1004EDC9C /* Release */,
			);
			defaultConfigurationIsVisible = 0;
			defaultConfigurationName = Release;
		};
		E3E9ACBD2457A3D1004EDC9C /* Build configuration list for PBXNativeTarget "BetterProfessorAppUITests" */ = {
			isa = XCConfigurationList;
			buildConfigurations = (
				E3E9ACBE2457A3D1004EDC9C /* Debug */,
				E3E9ACBF2457A3D1004EDC9C /* Release */,
			);
			defaultConfigurationIsVisible = 0;
			defaultConfigurationName = Release;
		};
/* End XCConfigurationList section */

/* Begin XCVersionGroup section */
		E3E9AC962457A3CA004EDC9C /* BetterProfessorApp.xcdatamodeld */ = {
			isa = XCVersionGroup;
			children = (
				E3E9AC972457A3CA004EDC9C /* BetterProfessorApp.xcdatamodel */,
			);
			currentVersion = E3E9AC972457A3CA004EDC9C /* BetterProfessorApp.xcdatamodel */;
			path = BetterProfessorApp.xcdatamodeld;
			sourceTree = "<group>";
			versionGroupType = wrapper.xcdatamodel;
		};
/* End XCVersionGroup section */
	};
	rootObject = E3E9AC822457A3C9004EDC9C /* Project object */;
}
